// !$*UTF8*$!
{
	archiveVersion = 1;
	classes = {
	};
	objectVersion = 55;
	objects = {

/* Begin PBXBuildFile section */
		6311CFF52A7C04CE00B89B93 /* Extension+UIStackView.swift in Sources */ = {isa = PBXBuildFile; fileRef = 6311CFF42A7C04CE00B89B93 /* Extension+UIStackView.swift */; };
		6331E47C2A7AF08900EF230F /* Kingfisher in Frameworks */ = {isa = PBXBuildFile; productRef = 6331E47B2A7AF08900EF230F /* Kingfisher */; };
		6331E47E2A7AF1ED00EF230F /* Extension+Date.swift in Sources */ = {isa = PBXBuildFile; fileRef = 6331E47D2A7AF1ED00EF230F /* Extension+Date.swift */; };
		6331E4812A7AF3D700EF230F /* ViewUtils.swift in Sources */ = {isa = PBXBuildFile; fileRef = 6331E4802A7AF3D700EF230F /* ViewUtils.swift */; };
		6331E4832A7B135800EF230F /* PaddingLabel.swift in Sources */ = {isa = PBXBuildFile; fileRef = 6331E4822A7B135800EF230F /* PaddingLabel.swift */; };
		6358CB2A2A7AA51F00847C00 /* status_page_response.json in Resources */ = {isa = PBXBuildFile; fileRef = 6358CB272A7AA51F00847C00 /* status_page_response.json */; };
		6358CB2B2A7AA51F00847C00 /* voucher_items_response.json in Resources */ = {isa = PBXBuildFile; fileRef = 6358CB282A7AA51F00847C00 /* voucher_items_response.json */; };
		6358CB2C2A7AA51F00847C00 /* pulsa_items_response.json in Resources */ = {isa = PBXBuildFile; fileRef = 6358CB292A7AA51F00847C00 /* pulsa_items_response.json */; };
		6359B2F72A7C0C460096E72C /* Extension+Double.swift in Sources */ = {isa = PBXBuildFile; fileRef = 6359B2F62A7C0C460096E72C /* Extension+Double.swift */; };
		63A953EF2A7AAAEE00D0BBFF /* PulsaItem.swift in Sources */ = {isa = PBXBuildFile; fileRef = 63A953EE2A7AAAEE00D0BBFF /* PulsaItem.swift */; };
		63A953F12A7AAAF500D0BBFF /* VoucherItem.swift in Sources */ = {isa = PBXBuildFile; fileRef = 63A953F02A7AAAF500D0BBFF /* VoucherItem.swift */; };
		63A953F42A7AAB4900D0BBFF /* CodableWrappers in Frameworks */ = {isa = PBXBuildFile; productRef = 63A953F32A7AAB4900D0BBFF /* CodableWrappers */; };
		63A953F62A7AAF7200D0BBFF /* PulsaItemsResp.swift in Sources */ = {isa = PBXBuildFile; fileRef = 63A953F52A7AAF7200D0BBFF /* PulsaItemsResp.swift */; };
		63A953F82A7AB06700D0BBFF /* VoucherItemsResp.swift in Sources */ = {isa = PBXBuildFile; fileRef = 63A953F72A7AB06700D0BBFF /* VoucherItemsResp.swift */; };
		63A953FA2A7AB0D700D0BBFF /* PaymentStatusResp.swift in Sources */ = {isa = PBXBuildFile; fileRef = 63A953F92A7AB0D700D0BBFF /* PaymentStatusResp.swift */; };
		63A953FE2A7AB15900D0BBFF /* TransactionContext.swift in Sources */ = {isa = PBXBuildFile; fileRef = 63A953FD2A7AB15900D0BBFF /* TransactionContext.swift */; };
		63A954002A7AB43200D0BBFF /* TransactionItem.swift in Sources */ = {isa = PBXBuildFile; fileRef = 63A953FF2A7AB43200D0BBFF /* TransactionItem.swift */; };
		63A954022A7AB73B00D0BBFF /* MerchantDetail.swift in Sources */ = {isa = PBXBuildFile; fileRef = 63A954012A7AB73B00D0BBFF /* MerchantDetail.swift */; };
		63A954092A7AB9C500D0BBFF /* Alamofire in Frameworks */ = {isa = PBXBuildFile; productRef = 63A954082A7AB9C500D0BBFF /* Alamofire */; };
		63A9540C2A7ABAD300D0BBFF /* PulsaItemsParams.swift in Sources */ = {isa = PBXBuildFile; fileRef = 63A9540B2A7ABAD300D0BBFF /* PulsaItemsParams.swift */; };
		63A9540E2A7ABB5200D0BBFF /* PaymentStatusParams.swift in Sources */ = {isa = PBXBuildFile; fileRef = 63A9540D2A7ABB5200D0BBFF /* PaymentStatusParams.swift */; };
		63D011352A7A8FA5004D9CAF /* AppDelegate.swift in Sources */ = {isa = PBXBuildFile; fileRef = 63D011342A7A8FA5004D9CAF /* AppDelegate.swift */; };
		63D011372A7A8FA5004D9CAF /* SceneDelegate.swift in Sources */ = {isa = PBXBuildFile; fileRef = 63D011362A7A8FA5004D9CAF /* SceneDelegate.swift */; };
		63D0113C2A7A8FA5004D9CAF /* Main.storyboard in Resources */ = {isa = PBXBuildFile; fileRef = 63D0113A2A7A8FA5004D9CAF /* Main.storyboard */; };
		63D0113E2A7A8FA6004D9CAF /* Assets.xcassets in Resources */ = {isa = PBXBuildFile; fileRef = 63D0113D2A7A8FA6004D9CAF /* Assets.xcassets */; };
		63D011412A7A8FA6004D9CAF /* LaunchScreen.storyboard in Resources */ = {isa = PBXBuildFile; fileRef = 63D0113F2A7A8FA6004D9CAF /* LaunchScreen.storyboard */; };
		63D0114C2A7A8FA6004D9CAF /* KredivoTopupAppTests.swift in Sources */ = {isa = PBXBuildFile; fileRef = 63D0114B2A7A8FA6004D9CAF /* KredivoTopupAppTests.swift */; };
		63D011562A7A8FA6004D9CAF /* KredivoTopupAppUITests.swift in Sources */ = {isa = PBXBuildFile; fileRef = 63D011552A7A8FA6004D9CAF /* KredivoTopupAppUITests.swift */; };
		63D011582A7A8FA6004D9CAF /* KredivoTopupAppUITestsLaunchTests.swift in Sources */ = {isa = PBXBuildFile; fileRef = 63D011572A7A8FA6004D9CAF /* KredivoTopupAppUITestsLaunchTests.swift */; };
		63D0116E2A7A92BC004D9CAF /* PaymentStatusViewController.swift in Sources */ = {isa = PBXBuildFile; fileRef = 63D011692A7A92BC004D9CAF /* PaymentStatusViewController.swift */; };
		63D0116F2A7A92BC004D9CAF /* TransactionViewController.swift in Sources */ = {isa = PBXBuildFile; fileRef = 63D0116A2A7A92BC004D9CAF /* TransactionViewController.swift */; };
		63D011702A7A92BC004D9CAF /* VoucherDetailViewController.swift in Sources */ = {isa = PBXBuildFile; fileRef = 63D0116B2A7A92BC004D9CAF /* VoucherDetailViewController.swift */; };
		63D011732A7A932E004D9CAF /* Constants.swift in Sources */ = {isa = PBXBuildFile; fileRef = 63D011722A7A932E004D9CAF /* Constants.swift */; };
		63D0117B2A7A9740004D9CAF /* TopupHomeViewController.swift in Sources */ = {isa = PBXBuildFile; fileRef = 63D0117A2A7A9740004D9CAF /* TopupHomeViewController.swift */; };
		63D0117D2A7A9770004D9CAF /* XCAssets+Generated.swift in Sources */ = {isa = PBXBuildFile; fileRef = 63D0117C2A7A9770004D9CAF /* XCAssets+Generated.swift */; };
		63D011812A7A9B5C004D9CAF /* TopupViewModel.swift in Sources */ = {isa = PBXBuildFile; fileRef = 63D011802A7A9B5C004D9CAF /* TopupViewModel.swift */; };
		63D011842A7A9C73004D9CAF /* Extension+ViewController.swift in Sources */ = {isa = PBXBuildFile; fileRef = 63D011832A7A9C73004D9CAF /* Extension+ViewController.swift */; };
		63D011872A7AA3EA004D9CAF /* OHHTTPStubs in Frameworks */ = {isa = PBXBuildFile; productRef = 63D011862A7AA3EA004D9CAF /* OHHTTPStubs */; };
		63D011892A7AA3EA004D9CAF /* OHHTTPStubsSwift in Frameworks */ = {isa = PBXBuildFile; productRef = 63D011882A7AA3EA004D9CAF /* OHHTTPStubsSwift */; };
		68F1E3F596A4DB2D61A961D2 /* Pods_KredivoTopupApp.framework in Frameworks */ = {isa = PBXBuildFile; fileRef = EB89C452E665E0355C6CC00F /* Pods_KredivoTopupApp.framework */; };
		88E84BE136BEBE49817FFB59 /* Pods_KredivoTopupAppTests.framework in Frameworks */ = {isa = PBXBuildFile; fileRef = C92FEE4D15549D81B420E4DE /* Pods_KredivoTopupAppTests.framework */; };
		C63A077C7470C4894210975B /* Pods_KredivoTopupApp_KredivoTopupAppUITests.framework in Frameworks */ = {isa = PBXBuildFile; fileRef = 34E6A4EA20CC0A125FD3C654 /* Pods_KredivoTopupApp_KredivoTopupAppUITests.framework */; };
		FA329A4C2A7BBC13005DFEC5 /* VoucherListViewModel.swift in Sources */ = {isa = PBXBuildFile; fileRef = FA329A4B2A7BBC13005DFEC5 /* VoucherListViewModel.swift */; };
		FA329A4E2A7BBE70005DFEC5 /* VoucherListCollectionViewController.swift in Sources */ = {isa = PBXBuildFile; fileRef = FA329A4D2A7BBE70005DFEC5 /* VoucherListCollectionViewController.swift */; };
		FA329A522A7BC14E005DFEC5 /* VoucherItemCollectionViewCell.swift in Sources */ = {isa = PBXBuildFile; fileRef = FA329A502A7BC14E005DFEC5 /* VoucherItemCollectionViewCell.swift */; };
		FA329A532A7BC14E005DFEC5 /* VoucherItemCollectionViewCell.xib in Resources */ = {isa = PBXBuildFile; fileRef = FA329A512A7BC14E005DFEC5 /* VoucherItemCollectionViewCell.xib */; };
		FA34467B2A7B83960001F8AF /* Endpoints.swift in Sources */ = {isa = PBXBuildFile; fileRef = FA34467A2A7B83960001F8AF /* Endpoints.swift */; };
		FA34467D2A7B87FF0001F8AF /* PaymentStatusViewModel.swift in Sources */ = {isa = PBXBuildFile; fileRef = FA34467C2A7B87FF0001F8AF /* PaymentStatusViewModel.swift */; };
		FA3446852A7BA11D0001F8AF /* Extension+Decodable.swift in Sources */ = {isa = PBXBuildFile; fileRef = FA3446842A7BA11D0001F8AF /* Extension+Decodable.swift */; };
		FA3446872A7BA4360001F8AF /* Extension+UIImageView.swift in Sources */ = {isa = PBXBuildFile; fileRef = FA3446862A7BA4360001F8AF /* Extension+UIImageView.swift */; };
		FA34468A2A7BAF2A0001F8AF /* DashLineView.swift in Sources */ = {isa = PBXBuildFile; fileRef = FA3446892A7BAF2A0001F8AF /* DashLineView.swift */; };
		FA34468D2A7BB0350001F8AF /* TinyConstraints in Frameworks */ = {isa = PBXBuildFile; productRef = FA34468C2A7BB0350001F8AF /* TinyConstraints */; };
/* End PBXBuildFile section */

/* Begin PBXContainerItemProxy section */
		63D011482A7A8FA6004D9CAF /* PBXContainerItemProxy */ = {
			isa = PBXContainerItemProxy;
			containerPortal = 63D011292A7A8FA5004D9CAF /* Project object */;
			proxyType = 1;
			remoteGlobalIDString = 63D011302A7A8FA5004D9CAF;
			remoteInfo = KredivoTopupApp;
		};
		63D011522A7A8FA6004D9CAF /* PBXContainerItemProxy */ = {
			isa = PBXContainerItemProxy;
			containerPortal = 63D011292A7A8FA5004D9CAF /* Project object */;
			proxyType = 1;
			remoteGlobalIDString = 63D011302A7A8FA5004D9CAF;
			remoteInfo = KredivoTopupApp;
		};
/* End PBXContainerItemProxy section */

/* Begin PBXFileReference section */
		0B3C662DE8B2B7FB76E91A13 /* Pods-KredivoTopupAppTests.release.xcconfig */ = {isa = PBXFileReference; includeInIndex = 1; lastKnownFileType = text.xcconfig; name = "Pods-KredivoTopupAppTests.release.xcconfig"; path = "Target Support Files/Pods-KredivoTopupAppTests/Pods-KredivoTopupAppTests.release.xcconfig"; sourceTree = "<group>"; };
		187F9968DDBD73AE6BF39409 /* Pods-KredivoTopupAppTests.debug.xcconfig */ = {isa = PBXFileReference; includeInIndex = 1; lastKnownFileType = text.xcconfig; name = "Pods-KredivoTopupAppTests.debug.xcconfig"; path = "Target Support Files/Pods-KredivoTopupAppTests/Pods-KredivoTopupAppTests.debug.xcconfig"; sourceTree = "<group>"; };
		34E6A4EA20CC0A125FD3C654 /* Pods_KredivoTopupApp_KredivoTopupAppUITests.framework */ = {isa = PBXFileReference; explicitFileType = wrapper.framework; includeInIndex = 0; path = Pods_KredivoTopupApp_KredivoTopupAppUITests.framework; sourceTree = BUILT_PRODUCTS_DIR; };
		526AB8A20A8CA2946B6DDF22 /* Pods-KredivoTopupApp.debug.xcconfig */ = {isa = PBXFileReference; includeInIndex = 1; lastKnownFileType = text.xcconfig; name = "Pods-KredivoTopupApp.debug.xcconfig"; path = "Target Support Files/Pods-KredivoTopupApp/Pods-KredivoTopupApp.debug.xcconfig"; sourceTree = "<group>"; };
		59049782A46CDF3D833B160F /* Pods-KredivoTopupApp.release.xcconfig */ = {isa = PBXFileReference; includeInIndex = 1; lastKnownFileType = text.xcconfig; name = "Pods-KredivoTopupApp.release.xcconfig"; path = "Target Support Files/Pods-KredivoTopupApp/Pods-KredivoTopupApp.release.xcconfig"; sourceTree = "<group>"; };
		6311CFF42A7C04CE00B89B93 /* Extension+UIStackView.swift */ = {isa = PBXFileReference; lastKnownFileType = sourcecode.swift; path = "Extension+UIStackView.swift"; sourceTree = "<group>"; };
		6331E47D2A7AF1ED00EF230F /* Extension+Date.swift */ = {isa = PBXFileReference; lastKnownFileType = sourcecode.swift; path = "Extension+Date.swift"; sourceTree = "<group>"; };
		6331E4802A7AF3D700EF230F /* ViewUtils.swift */ = {isa = PBXFileReference; lastKnownFileType = sourcecode.swift; path = ViewUtils.swift; sourceTree = "<group>"; };
		6331E4822A7B135800EF230F /* PaddingLabel.swift */ = {isa = PBXFileReference; lastKnownFileType = sourcecode.swift; path = PaddingLabel.swift; sourceTree = "<group>"; };
		6358CB272A7AA51F00847C00 /* status_page_response.json */ = {isa = PBXFileReference; fileEncoding = 4; lastKnownFileType = text.json; path = status_page_response.json; sourceTree = "<group>"; };
		6358CB282A7AA51F00847C00 /* voucher_items_response.json */ = {isa = PBXFileReference; fileEncoding = 4; lastKnownFileType = text.json; path = voucher_items_response.json; sourceTree = "<group>"; };
		6358CB292A7AA51F00847C00 /* pulsa_items_response.json */ = {isa = PBXFileReference; fileEncoding = 4; lastKnownFileType = text.json; path = pulsa_items_response.json; sourceTree = "<group>"; };
		6359B2F62A7C0C460096E72C /* Extension+Double.swift */ = {isa = PBXFileReference; lastKnownFileType = sourcecode.swift; path = "Extension+Double.swift"; sourceTree = "<group>"; };
		63A953EE2A7AAAEE00D0BBFF /* PulsaItem.swift */ = {isa = PBXFileReference; lastKnownFileType = sourcecode.swift; path = PulsaItem.swift; sourceTree = "<group>"; };
		63A953F02A7AAAF500D0BBFF /* VoucherItem.swift */ = {isa = PBXFileReference; lastKnownFileType = sourcecode.swift; path = VoucherItem.swift; sourceTree = "<group>"; };
		63A953F52A7AAF7200D0BBFF /* PulsaItemsResp.swift */ = {isa = PBXFileReference; lastKnownFileType = sourcecode.swift; path = PulsaItemsResp.swift; sourceTree = "<group>"; };
		63A953F72A7AB06700D0BBFF /* VoucherItemsResp.swift */ = {isa = PBXFileReference; lastKnownFileType = sourcecode.swift; path = VoucherItemsResp.swift; sourceTree = "<group>"; };
		63A953F92A7AB0D700D0BBFF /* PaymentStatusResp.swift */ = {isa = PBXFileReference; lastKnownFileType = sourcecode.swift; path = PaymentStatusResp.swift; sourceTree = "<group>"; };
		63A953FD2A7AB15900D0BBFF /* TransactionContext.swift */ = {isa = PBXFileReference; lastKnownFileType = sourcecode.swift; path = TransactionContext.swift; sourceTree = "<group>"; };
		63A953FF2A7AB43200D0BBFF /* TransactionItem.swift */ = {isa = PBXFileReference; lastKnownFileType = sourcecode.swift; path = TransactionItem.swift; sourceTree = "<group>"; };
		63A954012A7AB73B00D0BBFF /* MerchantDetail.swift */ = {isa = PBXFileReference; lastKnownFileType = sourcecode.swift; path = MerchantDetail.swift; sourceTree = "<group>"; };
		63A9540B2A7ABAD300D0BBFF /* PulsaItemsParams.swift */ = {isa = PBXFileReference; lastKnownFileType = sourcecode.swift; path = PulsaItemsParams.swift; sourceTree = "<group>"; };
		63A9540D2A7ABB5200D0BBFF /* PaymentStatusParams.swift */ = {isa = PBXFileReference; lastKnownFileType = sourcecode.swift; path = PaymentStatusParams.swift; sourceTree = "<group>"; };
		63D011312A7A8FA5004D9CAF /* KredivoTopupApp.app */ = {isa = PBXFileReference; explicitFileType = wrapper.application; includeInIndex = 0; path = KredivoTopupApp.app; sourceTree = BUILT_PRODUCTS_DIR; };
		63D011342A7A8FA5004D9CAF /* AppDelegate.swift */ = {isa = PBXFileReference; lastKnownFileType = sourcecode.swift; path = AppDelegate.swift; sourceTree = "<group>"; };
		63D011362A7A8FA5004D9CAF /* SceneDelegate.swift */ = {isa = PBXFileReference; lastKnownFileType = sourcecode.swift; path = SceneDelegate.swift; sourceTree = "<group>"; };
		63D0113B2A7A8FA5004D9CAF /* Base */ = {isa = PBXFileReference; lastKnownFileType = file.storyboard; name = Base; path = Base.lproj/Main.storyboard; sourceTree = "<group>"; };
		63D0113D2A7A8FA6004D9CAF /* Assets.xcassets */ = {isa = PBXFileReference; lastKnownFileType = folder.assetcatalog; path = Assets.xcassets; sourceTree = "<group>"; };
		63D011402A7A8FA6004D9CAF /* Base */ = {isa = PBXFileReference; lastKnownFileType = file.storyboard; name = Base; path = Base.lproj/LaunchScreen.storyboard; sourceTree = "<group>"; };
		63D011422A7A8FA6004D9CAF /* Info.plist */ = {isa = PBXFileReference; lastKnownFileType = text.plist.xml; path = Info.plist; sourceTree = "<group>"; };
		63D011472A7A8FA6004D9CAF /* KredivoTopupAppTests.xctest */ = {isa = PBXFileReference; explicitFileType = wrapper.cfbundle; includeInIndex = 0; path = KredivoTopupAppTests.xctest; sourceTree = BUILT_PRODUCTS_DIR; };
		63D0114B2A7A8FA6004D9CAF /* KredivoTopupAppTests.swift */ = {isa = PBXFileReference; lastKnownFileType = sourcecode.swift; path = KredivoTopupAppTests.swift; sourceTree = "<group>"; };
		63D011512A7A8FA6004D9CAF /* KredivoTopupAppUITests.xctest */ = {isa = PBXFileReference; explicitFileType = wrapper.cfbundle; includeInIndex = 0; path = KredivoTopupAppUITests.xctest; sourceTree = BUILT_PRODUCTS_DIR; };
		63D011552A7A8FA6004D9CAF /* KredivoTopupAppUITests.swift */ = {isa = PBXFileReference; lastKnownFileType = sourcecode.swift; path = KredivoTopupAppUITests.swift; sourceTree = "<group>"; };
		63D011572A7A8FA6004D9CAF /* KredivoTopupAppUITestsLaunchTests.swift */ = {isa = PBXFileReference; lastKnownFileType = sourcecode.swift; path = KredivoTopupAppUITestsLaunchTests.swift; sourceTree = "<group>"; };
		63D011692A7A92BC004D9CAF /* PaymentStatusViewController.swift */ = {isa = PBXFileReference; fileEncoding = 4; lastKnownFileType = sourcecode.swift; path = PaymentStatusViewController.swift; sourceTree = "<group>"; };
		63D0116A2A7A92BC004D9CAF /* TransactionViewController.swift */ = {isa = PBXFileReference; fileEncoding = 4; lastKnownFileType = sourcecode.swift; path = TransactionViewController.swift; sourceTree = "<group>"; };
		63D0116B2A7A92BC004D9CAF /* VoucherDetailViewController.swift */ = {isa = PBXFileReference; fileEncoding = 4; lastKnownFileType = sourcecode.swift; path = VoucherDetailViewController.swift; sourceTree = "<group>"; };
		63D011722A7A932E004D9CAF /* Constants.swift */ = {isa = PBXFileReference; fileEncoding = 4; lastKnownFileType = sourcecode.swift; path = Constants.swift; sourceTree = "<group>"; };
		63D0117A2A7A9740004D9CAF /* TopupHomeViewController.swift */ = {isa = PBXFileReference; fileEncoding = 4; lastKnownFileType = sourcecode.swift; path = TopupHomeViewController.swift; sourceTree = "<group>"; };
		63D0117C2A7A9770004D9CAF /* XCAssets+Generated.swift */ = {isa = PBXFileReference; fileEncoding = 4; lastKnownFileType = sourcecode.swift; path = "XCAssets+Generated.swift"; sourceTree = "<group>"; };
		63D011802A7A9B5C004D9CAF /* TopupViewModel.swift */ = {isa = PBXFileReference; lastKnownFileType = sourcecode.swift; path = TopupViewModel.swift; sourceTree = "<group>"; };
		63D011832A7A9C73004D9CAF /* Extension+ViewController.swift */ = {isa = PBXFileReference; lastKnownFileType = sourcecode.swift; path = "Extension+ViewController.swift"; sourceTree = "<group>"; };
		81B460443C37CBBBE8444B92 /* Pods-KredivoTopupApp-KredivoTopupAppUITests.release.xcconfig */ = {isa = PBXFileReference; includeInIndex = 1; lastKnownFileType = text.xcconfig; name = "Pods-KredivoTopupApp-KredivoTopupAppUITests.release.xcconfig"; path = "Target Support Files/Pods-KredivoTopupApp-KredivoTopupAppUITests/Pods-KredivoTopupApp-KredivoTopupAppUITests.release.xcconfig"; sourceTree = "<group>"; };
		83A681BF2031CB2D816343EC /* Pods-KredivoTopupApp-KredivoTopupAppUITests.debug.xcconfig */ = {isa = PBXFileReference; includeInIndex = 1; lastKnownFileType = text.xcconfig; name = "Pods-KredivoTopupApp-KredivoTopupAppUITests.debug.xcconfig"; path = "Target Support Files/Pods-KredivoTopupApp-KredivoTopupAppUITests/Pods-KredivoTopupApp-KredivoTopupAppUITests.debug.xcconfig"; sourceTree = "<group>"; };
		C92FEE4D15549D81B420E4DE /* Pods_KredivoTopupAppTests.framework */ = {isa = PBXFileReference; explicitFileType = wrapper.framework; includeInIndex = 0; path = Pods_KredivoTopupAppTests.framework; sourceTree = BUILT_PRODUCTS_DIR; };
		EB89C452E665E0355C6CC00F /* Pods_KredivoTopupApp.framework */ = {isa = PBXFileReference; explicitFileType = wrapper.framework; includeInIndex = 0; path = Pods_KredivoTopupApp.framework; sourceTree = BUILT_PRODUCTS_DIR; };
		FA329A4B2A7BBC13005DFEC5 /* VoucherListViewModel.swift */ = {isa = PBXFileReference; lastKnownFileType = sourcecode.swift; path = VoucherListViewModel.swift; sourceTree = "<group>"; };
		FA329A4D2A7BBE70005DFEC5 /* VoucherListCollectionViewController.swift */ = {isa = PBXFileReference; lastKnownFileType = sourcecode.swift; path = VoucherListCollectionViewController.swift; sourceTree = "<group>"; };
		FA329A502A7BC14E005DFEC5 /* VoucherItemCollectionViewCell.swift */ = {isa = PBXFileReference; lastKnownFileType = sourcecode.swift; path = VoucherItemCollectionViewCell.swift; sourceTree = "<group>"; };
		FA329A512A7BC14E005DFEC5 /* VoucherItemCollectionViewCell.xib */ = {isa = PBXFileReference; lastKnownFileType = file.xib; path = VoucherItemCollectionViewCell.xib; sourceTree = "<group>"; };
		FA34467A2A7B83960001F8AF /* Endpoints.swift */ = {isa = PBXFileReference; lastKnownFileType = sourcecode.swift; path = Endpoints.swift; sourceTree = "<group>"; };
		FA34467C2A7B87FF0001F8AF /* PaymentStatusViewModel.swift */ = {isa = PBXFileReference; lastKnownFileType = sourcecode.swift; path = PaymentStatusViewModel.swift; sourceTree = "<group>"; };
		FA3446842A7BA11D0001F8AF /* Extension+Decodable.swift */ = {isa = PBXFileReference; lastKnownFileType = sourcecode.swift; path = "Extension+Decodable.swift"; sourceTree = "<group>"; };
		FA3446862A7BA4360001F8AF /* Extension+UIImageView.swift */ = {isa = PBXFileReference; lastKnownFileType = sourcecode.swift; path = "Extension+UIImageView.swift"; sourceTree = "<group>"; };
		FA3446892A7BAF2A0001F8AF /* DashLineView.swift */ = {isa = PBXFileReference; lastKnownFileType = sourcecode.swift; path = DashLineView.swift; sourceTree = "<group>"; };
/* End PBXFileReference section */

/* Begin PBXFrameworksBuildPhase section */
		63D0112E2A7A8FA5004D9CAF /* Frameworks */ = {
			isa = PBXFrameworksBuildPhase;
			buildActionMask = 2147483647;
			files = (
				63D011872A7AA3EA004D9CAF /* OHHTTPStubs in Frameworks */,
				63A954092A7AB9C500D0BBFF /* Alamofire in Frameworks */,
				63D011892A7AA3EA004D9CAF /* OHHTTPStubsSwift in Frameworks */,
				63A953F42A7AAB4900D0BBFF /* CodableWrappers in Frameworks */,
				6331E47C2A7AF08900EF230F /* Kingfisher in Frameworks */,
				FA34468D2A7BB0350001F8AF /* TinyConstraints in Frameworks */,
				68F1E3F596A4DB2D61A961D2 /* Pods_KredivoTopupApp.framework in Frameworks */,
			);
			runOnlyForDeploymentPostprocessing = 0;
		};
		63D011442A7A8FA6004D9CAF /* Frameworks */ = {
			isa = PBXFrameworksBuildPhase;
			buildActionMask = 2147483647;
			files = (
				88E84BE136BEBE49817FFB59 /* Pods_KredivoTopupAppTests.framework in Frameworks */,
			);
			runOnlyForDeploymentPostprocessing = 0;
		};
		63D0114E2A7A8FA6004D9CAF /* Frameworks */ = {
			isa = PBXFrameworksBuildPhase;
			buildActionMask = 2147483647;
			files = (
				C63A077C7470C4894210975B /* Pods_KredivoTopupApp_KredivoTopupAppUITests.framework in Frameworks */,
			);
			runOnlyForDeploymentPostprocessing = 0;
		};
/* End PBXFrameworksBuildPhase section */

/* Begin PBXGroup section */
		0C611D247A79AF47D527585A /* Pods */ = {
			isa = PBXGroup;
			children = (
				526AB8A20A8CA2946B6DDF22 /* Pods-KredivoTopupApp.debug.xcconfig */,
				59049782A46CDF3D833B160F /* Pods-KredivoTopupApp.release.xcconfig */,
				83A681BF2031CB2D816343EC /* Pods-KredivoTopupApp-KredivoTopupAppUITests.debug.xcconfig */,
				81B460443C37CBBBE8444B92 /* Pods-KredivoTopupApp-KredivoTopupAppUITests.release.xcconfig */,
				187F9968DDBD73AE6BF39409 /* Pods-KredivoTopupAppTests.debug.xcconfig */,
				0B3C662DE8B2B7FB76E91A13 /* Pods-KredivoTopupAppTests.release.xcconfig */,
			);
			name = Pods;
			path = Pods;
			sourceTree = "<group>";
		};
		43A3CF08E0724913E2E8D1CE /* Frameworks */ = {
			isa = PBXGroup;
			children = (
				EB89C452E665E0355C6CC00F /* Pods_KredivoTopupApp.framework */,
				34E6A4EA20CC0A125FD3C654 /* Pods_KredivoTopupApp_KredivoTopupAppUITests.framework */,
				C92FEE4D15549D81B420E4DE /* Pods_KredivoTopupAppTests.framework */,
			);
			name = Frameworks;
			sourceTree = "<group>";
		};
		6331E47F2A7AF3C500EF230F /* Utils */ = {
			isa = PBXGroup;
			children = (
				6331E4802A7AF3D700EF230F /* ViewUtils.swift */,
			);
			path = Utils;
			sourceTree = "<group>";
		};
		635BF4A42A7AA68200390CDE /* Models */ = {
			isa = PBXGroup;
			children = (
				63A9540F2A7ABC9000D0BBFF /* PulsaItems */,
				63A954112A7ABCAA00D0BBFF /* VoucherItems */,
				63A954102A7ABCA000D0BBFF /* PaymentStatus */,
			);
			path = Models;
			sourceTree = "<group>";
		};
		63A954032A7AB8F000D0BBFF /* Services */ = {
			isa = PBXGroup;
			children = (
				FA34467A2A7B83960001F8AF /* Endpoints.swift */,
			);
			path = Services;
			sourceTree = "<group>";
		};
		63A9540F2A7ABC9000D0BBFF /* PulsaItems */ = {
			isa = PBXGroup;
			children = (
				63A9540B2A7ABAD300D0BBFF /* PulsaItemsParams.swift */,
				63A953F52A7AAF7200D0BBFF /* PulsaItemsResp.swift */,
				63A953EE2A7AAAEE00D0BBFF /* PulsaItem.swift */,
			);
			path = PulsaItems;
			sourceTree = "<group>";
		};
		63A954102A7ABCA000D0BBFF /* PaymentStatus */ = {
			isa = PBXGroup;
			children = (
				63A9540D2A7ABB5200D0BBFF /* PaymentStatusParams.swift */,
				63A953F92A7AB0D700D0BBFF /* PaymentStatusResp.swift */,
				63A953FD2A7AB15900D0BBFF /* TransactionContext.swift */,
				63A954012A7AB73B00D0BBFF /* MerchantDetail.swift */,
				63A953FF2A7AB43200D0BBFF /* TransactionItem.swift */,
			);
			path = PaymentStatus;
			sourceTree = "<group>";
		};
		63A954112A7ABCAA00D0BBFF /* VoucherItems */ = {
			isa = PBXGroup;
			children = (
				63A953F72A7AB06700D0BBFF /* VoucherItemsResp.swift */,
				63A953F02A7AAAF500D0BBFF /* VoucherItem.swift */,
			);
			path = VoucherItems;
			sourceTree = "<group>";
		};
		63D011282A7A8FA5004D9CAF = {
			isa = PBXGroup;
			children = (
				63D011332A7A8FA5004D9CAF /* KredivoTopupApp */,
				63D0114A2A7A8FA6004D9CAF /* KredivoTopupAppTests */,
				63D011542A7A8FA6004D9CAF /* KredivoTopupAppUITests */,
				63D011322A7A8FA5004D9CAF /* Products */,
				0C611D247A79AF47D527585A /* Pods */,
				43A3CF08E0724913E2E8D1CE /* Frameworks */,
			);
			sourceTree = "<group>";
		};
		63D011322A7A8FA5004D9CAF /* Products */ = {
			isa = PBXGroup;
			children = (
				63D011312A7A8FA5004D9CAF /* KredivoTopupApp.app */,
				63D011472A7A8FA6004D9CAF /* KredivoTopupAppTests.xctest */,
				63D011512A7A8FA6004D9CAF /* KredivoTopupAppUITests.xctest */,
			);
			name = Products;
			sourceTree = "<group>";
		};
		63D011332A7A8FA5004D9CAF /* KredivoTopupApp */ = {
			isa = PBXGroup;
			children = (
				63D011712A7A932E004D9CAF /* Common */,
				63A954032A7AB8F000D0BBFF /* Services */,
				635BF4A42A7AA68200390CDE /* Models */,
				FA3446882A7BAF1E0001F8AF /* Views */,
				63D0117F2A7A9B47004D9CAF /* ViewModels */,
				63D011662A7A92BC004D9CAF /* ViewController */,
				63D011342A7A8FA5004D9CAF /* AppDelegate.swift */,
				63D011362A7A8FA5004D9CAF /* SceneDelegate.swift */,
				63D0113A2A7A8FA5004D9CAF /* Main.storyboard */,
				63D0113F2A7A8FA6004D9CAF /* LaunchScreen.storyboard */,
				63D011742A7A9374004D9CAF /* Supporting Files */,
				63D0117E2A7A9A8B004D9CAF /* MockResponse */,
				63D011422A7A8FA6004D9CAF /* Info.plist */,
			);
			path = KredivoTopupApp;
			sourceTree = "<group>";
		};
		63D0114A2A7A8FA6004D9CAF /* KredivoTopupAppTests */ = {
			isa = PBXGroup;
			children = (
				63D0114B2A7A8FA6004D9CAF /* KredivoTopupAppTests.swift */,
			);
			path = KredivoTopupAppTests;
			sourceTree = "<group>";
		};
		63D011542A7A8FA6004D9CAF /* KredivoTopupAppUITests */ = {
			isa = PBXGroup;
			children = (
				63D011552A7A8FA6004D9CAF /* KredivoTopupAppUITests.swift */,
				63D011572A7A8FA6004D9CAF /* KredivoTopupAppUITestsLaunchTests.swift */,
			);
			path = KredivoTopupAppUITests;
			sourceTree = "<group>";
		};
		63D011662A7A92BC004D9CAF /* ViewController */ = {
			isa = PBXGroup;
			children = (
				63D0117A2A7A9740004D9CAF /* TopupHomeViewController.swift */,
				63D0116A2A7A92BC004D9CAF /* TransactionViewController.swift */,
				FA329A4D2A7BBE70005DFEC5 /* VoucherListCollectionViewController.swift */,
				63D0116B2A7A92BC004D9CAF /* VoucherDetailViewController.swift */,
				63D011692A7A92BC004D9CAF /* PaymentStatusViewController.swift */,
			);
			path = ViewController;
			sourceTree = "<group>";
		};
		63D011712A7A932E004D9CAF /* Common */ = {
			isa = PBXGroup;
			children = (
				63D011722A7A932E004D9CAF /* Constants.swift */,
				6331E4822A7B135800EF230F /* PaddingLabel.swift */,
				6331E47F2A7AF3C500EF230F /* Utils */,
				63D011822A7A9C66004D9CAF /* Extension */,
			);
			path = Common;
			sourceTree = "<group>";
		};
		63D011742A7A9374004D9CAF /* Supporting Files */ = {
			isa = PBXGroup;
			children = (
				63D011792A7A9723004D9CAF /* SwiftGen */,
				63D0113D2A7A8FA6004D9CAF /* Assets.xcassets */,
			);
			path = "Supporting Files";
			sourceTree = "<group>";
		};
		63D011792A7A9723004D9CAF /* SwiftGen */ = {
			isa = PBXGroup;
			children = (
				63D0117C2A7A9770004D9CAF /* XCAssets+Generated.swift */,
			);
			path = SwiftGen;
			sourceTree = "<group>";
		};
		63D0117E2A7A9A8B004D9CAF /* MockResponse */ = {
			isa = PBXGroup;
			children = (
				6358CB292A7AA51F00847C00 /* pulsa_items_response.json */,
				6358CB282A7AA51F00847C00 /* voucher_items_response.json */,
				6358CB272A7AA51F00847C00 /* status_page_response.json */,
			);
			path = MockResponse;
			sourceTree = "<group>";
		};
		63D0117F2A7A9B47004D9CAF /* ViewModels */ = {
			isa = PBXGroup;
			children = (
				63D011802A7A9B5C004D9CAF /* TopupViewModel.swift */,
				FA329A4B2A7BBC13005DFEC5 /* VoucherListViewModel.swift */,
				FA34467C2A7B87FF0001F8AF /* PaymentStatusViewModel.swift */,
			);
			path = ViewModels;
			sourceTree = "<group>";
		};
		63D011822A7A9C66004D9CAF /* Extension */ = {
			isa = PBXGroup;
			children = (
				63D011832A7A9C73004D9CAF /* Extension+ViewController.swift */,
				6331E47D2A7AF1ED00EF230F /* Extension+Date.swift */,
				FA3446842A7BA11D0001F8AF /* Extension+Decodable.swift */,
				FA3446862A7BA4360001F8AF /* Extension+UIImageView.swift */,
				6311CFF42A7C04CE00B89B93 /* Extension+UIStackView.swift */,
				6359B2F62A7C0C460096E72C /* Extension+Double.swift */,
			);
			path = Extension;
			sourceTree = "<group>";
		};
		FA329A4F2A7BC132005DFEC5 /* VoucherItemCell */ = {
			isa = PBXGroup;
			children = (
				FA329A502A7BC14E005DFEC5 /* VoucherItemCollectionViewCell.swift */,
				FA329A512A7BC14E005DFEC5 /* VoucherItemCollectionViewCell.xib */,
			);
			path = VoucherItemCell;
			sourceTree = "<group>";
		};
		FA3446882A7BAF1E0001F8AF /* Views */ = {
			isa = PBXGroup;
			children = (
				FA3446892A7BAF2A0001F8AF /* DashLineView.swift */,
				FA329A4F2A7BC132005DFEC5 /* VoucherItemCell */,
			);
			path = Views;
			sourceTree = "<group>";
		};
/* End PBXGroup section */

/* Begin PBXNativeTarget section */
		63D011302A7A8FA5004D9CAF /* KredivoTopupApp */ = {
			isa = PBXNativeTarget;
			buildConfigurationList = 63D0115B2A7A8FA6004D9CAF /* Build configuration list for PBXNativeTarget "KredivoTopupApp" */;
			buildPhases = (
				5BC18083A3351D30177C5342 /* [CP] Check Pods Manifest.lock */,
				63D011762A7A93AF004D9CAF /* SwiftGen */,
				63D0112D2A7A8FA5004D9CAF /* Sources */,
				63D0112E2A7A8FA5004D9CAF /* Frameworks */,
				63D0112F2A7A8FA5004D9CAF /* Resources */,
				D93974DA58981F5B22938CAE /* [CP] Embed Pods Frameworks */,
			);
			buildRules = (
			);
			dependencies = (
			);
			name = KredivoTopupApp;
			packageProductDependencies = (
				63D011862A7AA3EA004D9CAF /* OHHTTPStubs */,
				63D011882A7AA3EA004D9CAF /* OHHTTPStubsSwift */,
				63A953F32A7AAB4900D0BBFF /* CodableWrappers */,
				63A954082A7AB9C500D0BBFF /* Alamofire */,
				6331E47B2A7AF08900EF230F /* Kingfisher */,
				FA34468C2A7BB0350001F8AF /* TinyConstraints */,
			);
			productName = KredivoTopupApp;
			productReference = 63D011312A7A8FA5004D9CAF /* KredivoTopupApp.app */;
			productType = "com.apple.product-type.application";
		};
		63D011462A7A8FA6004D9CAF /* KredivoTopupAppTests */ = {
			isa = PBXNativeTarget;
			buildConfigurationList = 63D0115E2A7A8FA6004D9CAF /* Build configuration list for PBXNativeTarget "KredivoTopupAppTests" */;
			buildPhases = (
				3FB11026759DEB6D432E83B5 /* [CP] Check Pods Manifest.lock */,
				63D011432A7A8FA6004D9CAF /* Sources */,
				63D011442A7A8FA6004D9CAF /* Frameworks */,
				63D011452A7A8FA6004D9CAF /* Resources */,
			);
			buildRules = (
			);
			dependencies = (
				63D011492A7A8FA6004D9CAF /* PBXTargetDependency */,
			);
			name = KredivoTopupAppTests;
			productName = KredivoTopupAppTests;
			productReference = 63D011472A7A8FA6004D9CAF /* KredivoTopupAppTests.xctest */;
			productType = "com.apple.product-type.bundle.unit-test";
		};
		63D011502A7A8FA6004D9CAF /* KredivoTopupAppUITests */ = {
			isa = PBXNativeTarget;
			buildConfigurationList = 63D011612A7A8FA6004D9CAF /* Build configuration list for PBXNativeTarget "KredivoTopupAppUITests" */;
			buildPhases = (
				89D7A37F8BD5A4A6227F936E /* [CP] Check Pods Manifest.lock */,
				63D0114D2A7A8FA6004D9CAF /* Sources */,
				63D0114E2A7A8FA6004D9CAF /* Frameworks */,
				63D0114F2A7A8FA6004D9CAF /* Resources */,
				B122AB86F301C8EA3BA13DA0 /* [CP] Embed Pods Frameworks */,
			);
			buildRules = (
			);
			dependencies = (
				63D011532A7A8FA6004D9CAF /* PBXTargetDependency */,
			);
			name = KredivoTopupAppUITests;
			productName = KredivoTopupAppUITests;
			productReference = 63D011512A7A8FA6004D9CAF /* KredivoTopupAppUITests.xctest */;
			productType = "com.apple.product-type.bundle.ui-testing";
		};
/* End PBXNativeTarget section */

/* Begin PBXProject section */
		63D011292A7A8FA5004D9CAF /* Project object */ = {
			isa = PBXProject;
			attributes = {
				BuildIndependentTargetsInParallel = 1;
				LastSwiftUpdateCheck = 1340;
				LastUpgradeCheck = 1340;
				TargetAttributes = {
					63D011302A7A8FA5004D9CAF = {
						CreatedOnToolsVersion = 13.4.1;
					};
					63D011462A7A8FA6004D9CAF = {
						CreatedOnToolsVersion = 13.4.1;
						TestTargetID = 63D011302A7A8FA5004D9CAF;
					};
					63D011502A7A8FA6004D9CAF = {
						CreatedOnToolsVersion = 13.4.1;
						TestTargetID = 63D011302A7A8FA5004D9CAF;
					};
				};
			};
			buildConfigurationList = 63D0112C2A7A8FA5004D9CAF /* Build configuration list for PBXProject "KredivoTopupApp" */;
			compatibilityVersion = "Xcode 13.0";
			developmentRegion = en;
			hasScannedForEncodings = 0;
			knownRegions = (
				en,
				Base,
			);
			mainGroup = 63D011282A7A8FA5004D9CAF;
			packageReferences = (
				63D011852A7AA3EA004D9CAF /* XCRemoteSwiftPackageReference "OHHTTPStubs.git" */,
				63A953F22A7AAB4900D0BBFF /* XCRemoteSwiftPackageReference "CodableWrappers.git" */,
				63A954072A7AB9C500D0BBFF /* XCRemoteSwiftPackageReference "Alamofire.git" */,
				6331E47A2A7AF08900EF230F /* XCRemoteSwiftPackageReference "Kingfisher.git" */,
				FA34468B2A7BB0350001F8AF /* XCRemoteSwiftPackageReference "TinyConstraints.git" */,
			);
			productRefGroup = 63D011322A7A8FA5004D9CAF /* Products */;
			projectDirPath = "";
			projectRoot = "";
			targets = (
				63D011302A7A8FA5004D9CAF /* KredivoTopupApp */,
				63D011462A7A8FA6004D9CAF /* KredivoTopupAppTests */,
				63D011502A7A8FA6004D9CAF /* KredivoTopupAppUITests */,
			);
		};
/* End PBXProject section */

/* Begin PBXResourcesBuildPhase section */
		63D0112F2A7A8FA5004D9CAF /* Resources */ = {
			isa = PBXResourcesBuildPhase;
			buildActionMask = 2147483647;
			files = (
				6358CB2B2A7AA51F00847C00 /* voucher_items_response.json in Resources */,
				63D011412A7A8FA6004D9CAF /* LaunchScreen.storyboard in Resources */,
				63D0113E2A7A8FA6004D9CAF /* Assets.xcassets in Resources */,
				6358CB2A2A7AA51F00847C00 /* status_page_response.json in Resources */,
				6358CB2C2A7AA51F00847C00 /* pulsa_items_response.json in Resources */,
				FA329A532A7BC14E005DFEC5 /* VoucherItemCollectionViewCell.xib in Resources */,
				63D0113C2A7A8FA5004D9CAF /* Main.storyboard in Resources */,
			);
			runOnlyForDeploymentPostprocessing = 0;
		};
		63D011452A7A8FA6004D9CAF /* Resources */ = {
			isa = PBXResourcesBuildPhase;
			buildActionMask = 2147483647;
			files = (
			);
			runOnlyForDeploymentPostprocessing = 0;
		};
		63D0114F2A7A8FA6004D9CAF /* Resources */ = {
			isa = PBXResourcesBuildPhase;
			buildActionMask = 2147483647;
			files = (
			);
			runOnlyForDeploymentPostprocessing = 0;
		};
/* End PBXResourcesBuildPhase section */

/* Begin PBXShellScriptBuildPhase section */
		3FB11026759DEB6D432E83B5 /* [CP] Check Pods Manifest.lock */ = {
			isa = PBXShellScriptBuildPhase;
			buildActionMask = 2147483647;
			files = (
			);
			inputFileListPaths = (
			);
			inputPaths = (
				"${PODS_PODFILE_DIR_PATH}/Podfile.lock",
				"${PODS_ROOT}/Manifest.lock",
			);
			name = "[CP] Check Pods Manifest.lock";
			outputFileListPaths = (
			);
			outputPaths = (
				"$(DERIVED_FILE_DIR)/Pods-KredivoTopupAppTests-checkManifestLockResult.txt",
			);
			runOnlyForDeploymentPostprocessing = 0;
			shellPath = /bin/sh;
			shellScript = "diff \"${PODS_PODFILE_DIR_PATH}/Podfile.lock\" \"${PODS_ROOT}/Manifest.lock\" > /dev/null\nif [ $? != 0 ] ; then\n    # print error to STDERR\n    echo \"error: The sandbox is not in sync with the Podfile.lock. Run 'pod install' or update your CocoaPods installation.\" >&2\n    exit 1\nfi\n# This output is used by Xcode 'outputs' to avoid re-running this script phase.\necho \"SUCCESS\" > \"${SCRIPT_OUTPUT_FILE_0}\"\n";
			showEnvVarsInLog = 0;
		};
		5BC18083A3351D30177C5342 /* [CP] Check Pods Manifest.lock */ = {
			isa = PBXShellScriptBuildPhase;
			buildActionMask = 2147483647;
			files = (
			);
			inputFileListPaths = (
			);
			inputPaths = (
				"${PODS_PODFILE_DIR_PATH}/Podfile.lock",
				"${PODS_ROOT}/Manifest.lock",
			);
			name = "[CP] Check Pods Manifest.lock";
			outputFileListPaths = (
			);
			outputPaths = (
				"$(DERIVED_FILE_DIR)/Pods-KredivoTopupApp-checkManifestLockResult.txt",
			);
			runOnlyForDeploymentPostprocessing = 0;
			shellPath = /bin/sh;
			shellScript = "diff \"${PODS_PODFILE_DIR_PATH}/Podfile.lock\" \"${PODS_ROOT}/Manifest.lock\" > /dev/null\nif [ $? != 0 ] ; then\n    # print error to STDERR\n    echo \"error: The sandbox is not in sync with the Podfile.lock. Run 'pod install' or update your CocoaPods installation.\" >&2\n    exit 1\nfi\n# This output is used by Xcode 'outputs' to avoid re-running this script phase.\necho \"SUCCESS\" > \"${SCRIPT_OUTPUT_FILE_0}\"\n";
			showEnvVarsInLog = 0;
		};
		63D011762A7A93AF004D9CAF /* SwiftGen */ = {
			isa = PBXShellScriptBuildPhase;
			buildActionMask = 2147483647;
			files = (
			);
			inputFileListPaths = (
			);
			inputPaths = (
			);
			name = SwiftGen;
			outputFileListPaths = (
			);
			outputPaths = (
			);
			runOnlyForDeploymentPostprocessing = 0;
			shellPath = /bin/sh;
			shellScript = "\"${PROJECT_DIR}/swiftgen/bin/swiftgen\"\n";
		};
		89D7A37F8BD5A4A6227F936E /* [CP] Check Pods Manifest.lock */ = {
			isa = PBXShellScriptBuildPhase;
			buildActionMask = 2147483647;
			files = (
			);
			inputFileListPaths = (
			);
			inputPaths = (
				"${PODS_PODFILE_DIR_PATH}/Podfile.lock",
				"${PODS_ROOT}/Manifest.lock",
			);
			name = "[CP] Check Pods Manifest.lock";
			outputFileListPaths = (
			);
			outputPaths = (
				"$(DERIVED_FILE_DIR)/Pods-KredivoTopupApp-KredivoTopupAppUITests-checkManifestLockResult.txt",
			);
			runOnlyForDeploymentPostprocessing = 0;
			shellPath = /bin/sh;
			shellScript = "diff \"${PODS_PODFILE_DIR_PATH}/Podfile.lock\" \"${PODS_ROOT}/Manifest.lock\" > /dev/null\nif [ $? != 0 ] ; then\n    # print error to STDERR\n    echo \"error: The sandbox is not in sync with the Podfile.lock. Run 'pod install' or update your CocoaPods installation.\" >&2\n    exit 1\nfi\n# This output is used by Xcode 'outputs' to avoid re-running this script phase.\necho \"SUCCESS\" > \"${SCRIPT_OUTPUT_FILE_0}\"\n";
			showEnvVarsInLog = 0;
		};
		B122AB86F301C8EA3BA13DA0 /* [CP] Embed Pods Frameworks */ = {
			isa = PBXShellScriptBuildPhase;
			buildActionMask = 2147483647;
			files = (
			);
			inputFileListPaths = (
				"${PODS_ROOT}/Target Support Files/Pods-KredivoTopupApp-KredivoTopupAppUITests/Pods-KredivoTopupApp-KredivoTopupAppUITests-frameworks-${CONFIGURATION}-input-files.xcfilelist",
			);
			name = "[CP] Embed Pods Frameworks";
			outputFileListPaths = (
				"${PODS_ROOT}/Target Support Files/Pods-KredivoTopupApp-KredivoTopupAppUITests/Pods-KredivoTopupApp-KredivoTopupAppUITests-frameworks-${CONFIGURATION}-output-files.xcfilelist",
			);
			runOnlyForDeploymentPostprocessing = 0;
			shellPath = /bin/sh;
			shellScript = "\"${PODS_ROOT}/Target Support Files/Pods-KredivoTopupApp-KredivoTopupAppUITests/Pods-KredivoTopupApp-KredivoTopupAppUITests-frameworks.sh\"\n";
			showEnvVarsInLog = 0;
		};
		D93974DA58981F5B22938CAE /* [CP] Embed Pods Frameworks */ = {
			isa = PBXShellScriptBuildPhase;
			buildActionMask = 2147483647;
			files = (
			);
			inputFileListPaths = (
				"${PODS_ROOT}/Target Support Files/Pods-KredivoTopupApp/Pods-KredivoTopupApp-frameworks-${CONFIGURATION}-input-files.xcfilelist",
			);
			name = "[CP] Embed Pods Frameworks";
			outputFileListPaths = (
				"${PODS_ROOT}/Target Support Files/Pods-KredivoTopupApp/Pods-KredivoTopupApp-frameworks-${CONFIGURATION}-output-files.xcfilelist",
			);
			runOnlyForDeploymentPostprocessing = 0;
			shellPath = /bin/sh;
			shellScript = "\"${PODS_ROOT}/Target Support Files/Pods-KredivoTopupApp/Pods-KredivoTopupApp-frameworks.sh\"\n";
			showEnvVarsInLog = 0;
		};
/* End PBXShellScriptBuildPhase section */

/* Begin PBXSourcesBuildPhase section */
		63D0112D2A7A8FA5004D9CAF /* Sources */ = {
			isa = PBXSourcesBuildPhase;
			buildActionMask = 2147483647;
			files = (
				63A953F62A7AAF7200D0BBFF /* PulsaItemsResp.swift in Sources */,
				63A954002A7AB43200D0BBFF /* TransactionItem.swift in Sources */,
				FA34467B2A7B83960001F8AF /* Endpoints.swift in Sources */,
				63A953F82A7AB06700D0BBFF /* VoucherItemsResp.swift in Sources */,
				FA34468A2A7BAF2A0001F8AF /* DashLineView.swift in Sources */,
				63D0117D2A7A9770004D9CAF /* XCAssets+Generated.swift in Sources */,
				6331E47E2A7AF1ED00EF230F /* Extension+Date.swift in Sources */,
				63D011352A7A8FA5004D9CAF /* AppDelegate.swift in Sources */,
				63A954022A7AB73B00D0BBFF /* MerchantDetail.swift in Sources */,
				63D0116F2A7A92BC004D9CAF /* TransactionViewController.swift in Sources */,
				63D011842A7A9C73004D9CAF /* Extension+ViewController.swift in Sources */,
				6331E4832A7B135800EF230F /* PaddingLabel.swift in Sources */,
				6359B2F72A7C0C460096E72C /* Extension+Double.swift in Sources */,
				FA34467D2A7B87FF0001F8AF /* PaymentStatusViewModel.swift in Sources */,
				6311CFF52A7C04CE00B89B93 /* Extension+UIStackView.swift in Sources */,
				FA3446852A7BA11D0001F8AF /* Extension+Decodable.swift in Sources */,
				FA329A4E2A7BBE70005DFEC5 /* VoucherListCollectionViewController.swift in Sources */,
				FA329A4C2A7BBC13005DFEC5 /* VoucherListViewModel.swift in Sources */,
				63A9540E2A7ABB5200D0BBFF /* PaymentStatusParams.swift in Sources */,
				FA329A522A7BC14E005DFEC5 /* VoucherItemCollectionViewCell.swift in Sources */,
				63A953F12A7AAAF500D0BBFF /* VoucherItem.swift in Sources */,
				63D0117B2A7A9740004D9CAF /* TopupHomeViewController.swift in Sources */,
				6331E4812A7AF3D700EF230F /* ViewUtils.swift in Sources */,
				63D011812A7A9B5C004D9CAF /* TopupViewModel.swift in Sources */,
				63D0116E2A7A92BC004D9CAF /* PaymentStatusViewController.swift in Sources */,
				63A9540C2A7ABAD300D0BBFF /* PulsaItemsParams.swift in Sources */,
				63A953FE2A7AB15900D0BBFF /* TransactionContext.swift in Sources */,
				FA3446872A7BA4360001F8AF /* Extension+UIImageView.swift in Sources */,
				63D011372A7A8FA5004D9CAF /* SceneDelegate.swift in Sources */,
				63A953EF2A7AAAEE00D0BBFF /* PulsaItem.swift in Sources */,
				63D011702A7A92BC004D9CAF /* VoucherDetailViewController.swift in Sources */,
				63A953FA2A7AB0D700D0BBFF /* PaymentStatusResp.swift in Sources */,
				63D011732A7A932E004D9CAF /* Constants.swift in Sources */,
			);
			runOnlyForDeploymentPostprocessing = 0;
		};
		63D011432A7A8FA6004D9CAF /* Sources */ = {
			isa = PBXSourcesBuildPhase;
			buildActionMask = 2147483647;
			files = (
				63D0114C2A7A8FA6004D9CAF /* KredivoTopupAppTests.swift in Sources */,
			);
			runOnlyForDeploymentPostprocessing = 0;
		};
		63D0114D2A7A8FA6004D9CAF /* Sources */ = {
			isa = PBXSourcesBuildPhase;
			buildActionMask = 2147483647;
			files = (
				63D011582A7A8FA6004D9CAF /* KredivoTopupAppUITestsLaunchTests.swift in Sources */,
				63D011562A7A8FA6004D9CAF /* KredivoTopupAppUITests.swift in Sources */,
			);
			runOnlyForDeploymentPostprocessing = 0;
		};
/* End PBXSourcesBuildPhase section */

/* Begin PBXTargetDependency section */
		63D011492A7A8FA6004D9CAF /* PBXTargetDependency */ = {
			isa = PBXTargetDependency;
			target = 63D011302A7A8FA5004D9CAF /* KredivoTopupApp */;
			targetProxy = 63D011482A7A8FA6004D9CAF /* PBXContainerItemProxy */;
		};
		63D011532A7A8FA6004D9CAF /* PBXTargetDependency */ = {
			isa = PBXTargetDependency;
			target = 63D011302A7A8FA5004D9CAF /* KredivoTopupApp */;
			targetProxy = 63D011522A7A8FA6004D9CAF /* PBXContainerItemProxy */;
		};
/* End PBXTargetDependency section */

/* Begin PBXVariantGroup section */
		63D0113A2A7A8FA5004D9CAF /* Main.storyboard */ = {
			isa = PBXVariantGroup;
			children = (
				63D0113B2A7A8FA5004D9CAF /* Base */,
			);
			name = Main.storyboard;
			sourceTree = "<group>";
		};
		63D0113F2A7A8FA6004D9CAF /* LaunchScreen.storyboard */ = {
			isa = PBXVariantGroup;
			children = (
				63D011402A7A8FA6004D9CAF /* Base */,
			);
			name = LaunchScreen.storyboard;
			sourceTree = "<group>";
		};
/* End PBXVariantGroup section */

/* Begin XCBuildConfiguration section */
		63D011592A7A8FA6004D9CAF /* Debug */ = {
			isa = XCBuildConfiguration;
			buildSettings = {
				ALWAYS_SEARCH_USER_PATHS = NO;
				CLANG_ANALYZER_NONNULL = YES;
				CLANG_ANALYZER_NUMBER_OBJECT_CONVERSION = YES_AGGRESSIVE;
				CLANG_CXX_LANGUAGE_STANDARD = "gnu++17";
				CLANG_ENABLE_MODULES = YES;
				CLANG_ENABLE_OBJC_ARC = YES;
				CLANG_ENABLE_OBJC_WEAK = YES;
				CLANG_WARN_BLOCK_CAPTURE_AUTORELEASING = YES;
				CLANG_WARN_BOOL_CONVERSION = YES;
				CLANG_WARN_COMMA = YES;
				CLANG_WARN_CONSTANT_CONVERSION = YES;
				CLANG_WARN_DEPRECATED_OBJC_IMPLEMENTATIONS = YES;
				CLANG_WARN_DIRECT_OBJC_ISA_USAGE = YES_ERROR;
				CLANG_WARN_DOCUMENTATION_COMMENTS = YES;
				CLANG_WARN_EMPTY_BODY = YES;
				CLANG_WARN_ENUM_CONVERSION = YES;
				CLANG_WARN_INFINITE_RECURSION = YES;
				CLANG_WARN_INT_CONVERSION = YES;
				CLANG_WARN_NON_LITERAL_NULL_CONVERSION = YES;
				CLANG_WARN_OBJC_IMPLICIT_RETAIN_SELF = YES;
				CLANG_WARN_OBJC_LITERAL_CONVERSION = YES;
				CLANG_WARN_OBJC_ROOT_CLASS = YES_ERROR;
				CLANG_WARN_QUOTED_INCLUDE_IN_FRAMEWORK_HEADER = YES;
				CLANG_WARN_RANGE_LOOP_ANALYSIS = YES;
				CLANG_WARN_STRICT_PROTOTYPES = YES;
				CLANG_WARN_SUSPICIOUS_MOVE = YES;
				CLANG_WARN_UNGUARDED_AVAILABILITY = YES_AGGRESSIVE;
				CLANG_WARN_UNREACHABLE_CODE = YES;
				CLANG_WARN__DUPLICATE_METHOD_MATCH = YES;
				COPY_PHASE_STRIP = NO;
				DEBUG_INFORMATION_FORMAT = dwarf;
				ENABLE_STRICT_OBJC_MSGSEND = YES;
				ENABLE_TESTABILITY = YES;
				GCC_C_LANGUAGE_STANDARD = gnu11;
				GCC_DYNAMIC_NO_PIC = NO;
				GCC_NO_COMMON_BLOCKS = YES;
				GCC_OPTIMIZATION_LEVEL = 0;
				GCC_PREPROCESSOR_DEFINITIONS = (
					"DEBUG=1",
					"$(inherited)",
				);
				GCC_WARN_64_TO_32_BIT_CONVERSION = YES;
				GCC_WARN_ABOUT_RETURN_TYPE = YES_ERROR;
				GCC_WARN_UNDECLARED_SELECTOR = YES;
				GCC_WARN_UNINITIALIZED_AUTOS = YES_AGGRESSIVE;
				GCC_WARN_UNUSED_FUNCTION = YES;
				GCC_WARN_UNUSED_VARIABLE = YES;
				IPHONEOS_DEPLOYMENT_TARGET = 15.5;
				MTL_ENABLE_DEBUG_INFO = INCLUDE_SOURCE;
				MTL_FAST_MATH = YES;
				ONLY_ACTIVE_ARCH = YES;
				SDKROOT = iphoneos;
				SWIFT_ACTIVE_COMPILATION_CONDITIONS = DEBUG;
				SWIFT_OPTIMIZATION_LEVEL = "-Onone";
			};
			name = Debug;
		};
		63D0115A2A7A8FA6004D9CAF /* Release */ = {
			isa = XCBuildConfiguration;
			buildSettings = {
				ALWAYS_SEARCH_USER_PATHS = NO;
				CLANG_ANALYZER_NONNULL = YES;
				CLANG_ANALYZER_NUMBER_OBJECT_CONVERSION = YES_AGGRESSIVE;
				CLANG_CXX_LANGUAGE_STANDARD = "gnu++17";
				CLANG_ENABLE_MODULES = YES;
				CLANG_ENABLE_OBJC_ARC = YES;
				CLANG_ENABLE_OBJC_WEAK = YES;
				CLANG_WARN_BLOCK_CAPTURE_AUTORELEASING = YES;
				CLANG_WARN_BOOL_CONVERSION = YES;
				CLANG_WARN_COMMA = YES;
				CLANG_WARN_CONSTANT_CONVERSION = YES;
				CLANG_WARN_DEPRECATED_OBJC_IMPLEMENTATIONS = YES;
				CLANG_WARN_DIRECT_OBJC_ISA_USAGE = YES_ERROR;
				CLANG_WARN_DOCUMENTATION_COMMENTS = YES;
				CLANG_WARN_EMPTY_BODY = YES;
				CLANG_WARN_ENUM_CONVERSION = YES;
				CLANG_WARN_INFINITE_RECURSION = YES;
				CLANG_WARN_INT_CONVERSION = YES;
				CLANG_WARN_NON_LITERAL_NULL_CONVERSION = YES;
				CLANG_WARN_OBJC_IMPLICIT_RETAIN_SELF = YES;
				CLANG_WARN_OBJC_LITERAL_CONVERSION = YES;
				CLANG_WARN_OBJC_ROOT_CLASS = YES_ERROR;
				CLANG_WARN_QUOTED_INCLUDE_IN_FRAMEWORK_HEADER = YES;
				CLANG_WARN_RANGE_LOOP_ANALYSIS = YES;
				CLANG_WARN_STRICT_PROTOTYPES = YES;
				CLANG_WARN_SUSPICIOUS_MOVE = YES;
				CLANG_WARN_UNGUARDED_AVAILABILITY = YES_AGGRESSIVE;
				CLANG_WARN_UNREACHABLE_CODE = YES;
				CLANG_WARN__DUPLICATE_METHOD_MATCH = YES;
				COPY_PHASE_STRIP = NO;
				DEBUG_INFORMATION_FORMAT = "dwarf-with-dsym";
				ENABLE_NS_ASSERTIONS = NO;
				ENABLE_STRICT_OBJC_MSGSEND = YES;
				GCC_C_LANGUAGE_STANDARD = gnu11;
				GCC_NO_COMMON_BLOCKS = YES;
				GCC_WARN_64_TO_32_BIT_CONVERSION = YES;
				GCC_WARN_ABOUT_RETURN_TYPE = YES_ERROR;
				GCC_WARN_UNDECLARED_SELECTOR = YES;
				GCC_WARN_UNINITIALIZED_AUTOS = YES_AGGRESSIVE;
				GCC_WARN_UNUSED_FUNCTION = YES;
				GCC_WARN_UNUSED_VARIABLE = YES;
				IPHONEOS_DEPLOYMENT_TARGET = 15.5;
				MTL_ENABLE_DEBUG_INFO = NO;
				MTL_FAST_MATH = YES;
				SDKROOT = iphoneos;
				SWIFT_COMPILATION_MODE = wholemodule;
				SWIFT_OPTIMIZATION_LEVEL = "-O";
				VALIDATE_PRODUCT = YES;
			};
			name = Release;
		};
		63D0115C2A7A8FA6004D9CAF /* Debug */ = {
			isa = XCBuildConfiguration;
			baseConfigurationReference = 526AB8A20A8CA2946B6DDF22 /* Pods-KredivoTopupApp.debug.xcconfig */;
			buildSettings = {
				ASSETCATALOG_COMPILER_APPICON_NAME = AppIcon;
				ASSETCATALOG_COMPILER_GLOBAL_ACCENT_COLOR_NAME = AccentColor;
				CODE_SIGN_STYLE = Automatic;
				CURRENT_PROJECT_VERSION = 1;
				GENERATE_INFOPLIST_FILE = YES;
				INFOPLIST_FILE = KredivoTopupApp/Info.plist;
				INFOPLIST_KEY_UIApplicationSupportsIndirectInputEvents = YES;
				INFOPLIST_KEY_UILaunchStoryboardName = LaunchScreen;
				INFOPLIST_KEY_UIMainStoryboardFile = Main;
				INFOPLIST_KEY_UISupportedInterfaceOrientations = UIInterfaceOrientationPortrait;
				INFOPLIST_KEY_UISupportedInterfaceOrientations_iPad = "UIInterfaceOrientationPortrait UIInterfaceOrientationPortraitUpsideDown UIInterfaceOrientationLandscapeLeft UIInterfaceOrientationLandscapeRight";
				INFOPLIST_KEY_UISupportedInterfaceOrientations_iPhone = "UIInterfaceOrientationPortrait UIInterfaceOrientationLandscapeLeft UIInterfaceOrientationLandscapeRight";
				IPHONEOS_DEPLOYMENT_TARGET = 13.0;
				LD_RUNPATH_SEARCH_PATHS = (
					"$(inherited)",
					"@executable_path/Frameworks",
				);
				MARKETING_VERSION = 1.0;
				PRODUCT_BUNDLE_IDENTIFIER = com.nicholausadi.KredivoTopupApp;
				PRODUCT_NAME = "$(TARGET_NAME)";
				SWIFT_EMIT_LOC_STRINGS = YES;
				SWIFT_VERSION = 5.0;
				TARGETED_DEVICE_FAMILY = 1;
			};
			name = Debug;
		};
		63D0115D2A7A8FA6004D9CAF /* Release */ = {
			isa = XCBuildConfiguration;
			baseConfigurationReference = 59049782A46CDF3D833B160F /* Pods-KredivoTopupApp.release.xcconfig */;
			buildSettings = {
				ASSETCATALOG_COMPILER_APPICON_NAME = AppIcon;
				ASSETCATALOG_COMPILER_GLOBAL_ACCENT_COLOR_NAME = AccentColor;
				CODE_SIGN_STYLE = Automatic;
				CURRENT_PROJECT_VERSION = 1;
				GENERATE_INFOPLIST_FILE = YES;
				INFOPLIST_FILE = KredivoTopupApp/Info.plist;
				INFOPLIST_KEY_UIApplicationSupportsIndirectInputEvents = YES;
				INFOPLIST_KEY_UILaunchStoryboardName = LaunchScreen;
				INFOPLIST_KEY_UIMainStoryboardFile = Main;
				INFOPLIST_KEY_UISupportedInterfaceOrientations = UIInterfaceOrientationPortrait;
				INFOPLIST_KEY_UISupportedInterfaceOrientations_iPad = "UIInterfaceOrientationPortrait UIInterfaceOrientationPortraitUpsideDown UIInterfaceOrientationLandscapeLeft UIInterfaceOrientationLandscapeRight";
				INFOPLIST_KEY_UISupportedInterfaceOrientations_iPhone = "UIInterfaceOrientationPortrait UIInterfaceOrientationLandscapeLeft UIInterfaceOrientationLandscapeRight";
				IPHONEOS_DEPLOYMENT_TARGET = 13.0;
				LD_RUNPATH_SEARCH_PATHS = (
					"$(inherited)",
					"@executable_path/Frameworks",
				);
				MARKETING_VERSION = 1.0;
				PRODUCT_BUNDLE_IDENTIFIER = com.nicholausadi.KredivoTopupApp;
				PRODUCT_NAME = "$(TARGET_NAME)";
				SWIFT_EMIT_LOC_STRINGS = YES;
				SWIFT_VERSION = 5.0;
				TARGETED_DEVICE_FAMILY = 1;
			};
			name = Release;
		};
		63D0115F2A7A8FA6004D9CAF /* Debug */ = {
			isa = XCBuildConfiguration;
			baseConfigurationReference = 187F9968DDBD73AE6BF39409 /* Pods-KredivoTopupAppTests.debug.xcconfig */;
			buildSettings = {
				ALWAYS_EMBED_SWIFT_STANDARD_LIBRARIES = YES;
				BUNDLE_LOADER = "$(TEST_HOST)";
				CODE_SIGN_STYLE = Automatic;
				CURRENT_PROJECT_VERSION = 1;
				GENERATE_INFOPLIST_FILE = YES;
				IPHONEOS_DEPLOYMENT_TARGET = 15.5;
				MARKETING_VERSION = 1.0;
				PRODUCT_BUNDLE_IDENTIFIER = com.nicholausadi.KredivoTopupAppTests;
				PRODUCT_NAME = "$(TARGET_NAME)";
				SWIFT_EMIT_LOC_STRINGS = NO;
				SWIFT_VERSION = 5.0;
				TARGETED_DEVICE_FAMILY = "1,2";
				TEST_HOST = "$(BUILT_PRODUCTS_DIR)/KredivoTopupApp.app/KredivoTopupApp";
			};
			name = Debug;
		};
		63D011602A7A8FA6004D9CAF /* Release */ = {
			isa = XCBuildConfiguration;
			baseConfigurationReference = 0B3C662DE8B2B7FB76E91A13 /* Pods-KredivoTopupAppTests.release.xcconfig */;
			buildSettings = {
				ALWAYS_EMBED_SWIFT_STANDARD_LIBRARIES = YES;
				BUNDLE_LOADER = "$(TEST_HOST)";
				CODE_SIGN_STYLE = Automatic;
				CURRENT_PROJECT_VERSION = 1;
				GENERATE_INFOPLIST_FILE = YES;
				IPHONEOS_DEPLOYMENT_TARGET = 15.5;
				MARKETING_VERSION = 1.0;
				PRODUCT_BUNDLE_IDENTIFIER = com.nicholausadi.KredivoTopupAppTests;
				PRODUCT_NAME = "$(TARGET_NAME)";
				SWIFT_EMIT_LOC_STRINGS = NO;
				SWIFT_VERSION = 5.0;
				TARGETED_DEVICE_FAMILY = "1,2";
				TEST_HOST = "$(BUILT_PRODUCTS_DIR)/KredivoTopupApp.app/KredivoTopupApp";
			};
			name = Release;
		};
		63D011622A7A8FA6004D9CAF /* Debug */ = {
			isa = XCBuildConfiguration;
			baseConfigurationReference = 83A681BF2031CB2D816343EC /* Pods-KredivoTopupApp-KredivoTopupAppUITests.debug.xcconfig */;
			buildSettings = {
				ALWAYS_EMBED_SWIFT_STANDARD_LIBRARIES = YES;
				CODE_SIGN_STYLE = Automatic;
				CURRENT_PROJECT_VERSION = 1;
				GENERATE_INFOPLIST_FILE = YES;
				MARKETING_VERSION = 1.0;
				PRODUCT_BUNDLE_IDENTIFIER = com.nicholausadi.KredivoTopupAppUITests;
				PRODUCT_NAME = "$(TARGET_NAME)";
				SWIFT_EMIT_LOC_STRINGS = NO;
				SWIFT_VERSION = 5.0;
				TARGETED_DEVICE_FAMILY = "1,2";
				TEST_TARGET_NAME = KredivoTopupApp;
			};
			name = Debug;
		};
		63D011632A7A8FA6004D9CAF /* Release */ = {
			isa = XCBuildConfiguration;
			baseConfigurationReference = 81B460443C37CBBBE8444B92 /* Pods-KredivoTopupApp-KredivoTopupAppUITests.release.xcconfig */;
			buildSettings = {
				ALWAYS_EMBED_SWIFT_STANDARD_LIBRARIES = YES;
				CODE_SIGN_STYLE = Automatic;
				CURRENT_PROJECT_VERSION = 1;
				GENERATE_INFOPLIST_FILE = YES;
				MARKETING_VERSION = 1.0;
				PRODUCT_BUNDLE_IDENTIFIER = com.nicholausadi.KredivoTopupAppUITests;
				PRODUCT_NAME = "$(TARGET_NAME)";
				SWIFT_EMIT_LOC_STRINGS = NO;
				SWIFT_VERSION = 5.0;
				TARGETED_DEVICE_FAMILY = "1,2";
				TEST_TARGET_NAME = KredivoTopupApp;
			};
			name = Release;
		};
/* End XCBuildConfiguration section */

/* Begin XCConfigurationList section */
		63D0112C2A7A8FA5004D9CAF /* Build configuration list for PBXProject "KredivoTopupApp" */ = {
			isa = XCConfigurationList;
			buildConfigurations = (
				63D011592A7A8FA6004D9CAF /* Debug */,
				63D0115A2A7A8FA6004D9CAF /* Release */,
			);
			defaultConfigurationIsVisible = 0;
			defaultConfigurationName = Release;
		};
		63D0115B2A7A8FA6004D9CAF /* Build configuration list for PBXNativeTarget "KredivoTopupApp" */ = {
			isa = XCConfigurationList;
			buildConfigurations = (
				63D0115C2A7A8FA6004D9CAF /* Debug */,
				63D0115D2A7A8FA6004D9CAF /* Release */,
			);
			defaultConfigurationIsVisible = 0;
			defaultConfigurationName = Release;
		};
		63D0115E2A7A8FA6004D9CAF /* Build configuration list for PBXNativeTarget "KredivoTopupAppTests" */ = {
			isa = XCConfigurationList;
			buildConfigurations = (
				63D0115F2A7A8FA6004D9CAF /* Debug */,
				63D011602A7A8FA6004D9CAF /* Release */,
			);
			defaultConfigurationIsVisible = 0;
			defaultConfigurationName = Release;
		};
		63D011612A7A8FA6004D9CAF /* Build configuration list for PBXNativeTarget "KredivoTopupAppUITests" */ = {
			isa = XCConfigurationList;
			buildConfigurations = (
				63D011622A7A8FA6004D9CAF /* Debug */,
				63D011632A7A8FA6004D9CAF /* Release */,
			);
			defaultConfigurationIsVisible = 0;
			defaultConfigurationName = Release;
		};
/* End XCConfigurationList section */

/* Begin XCRemoteSwiftPackageReference section */
		6331E47A2A7AF08900EF230F /* XCRemoteSwiftPackageReference "Kingfisher.git" */ = {
			isa = XCRemoteSwiftPackageReference;
			repositoryURL = "https://github.com/onevcat/Kingfisher.git";
			requirement = {
				kind = upToNextMajorVersion;
				minimumVersion = 7.0.0;
			};
		};
		63A953F22A7AAB4900D0BBFF /* XCRemoteSwiftPackageReference "CodableWrappers.git" */ = {
			isa = XCRemoteSwiftPackageReference;
			repositoryURL = "https://github.com/GottaGetSwifty/CodableWrappers.git";
			requirement = {
				kind = upToNextMajorVersion;
				minimumVersion = 2.0.0;
			};
		};
		63A954072A7AB9C500D0BBFF /* XCRemoteSwiftPackageReference "Alamofire.git" */ = {
			isa = XCRemoteSwiftPackageReference;
			repositoryURL = "https://github.com/Alamofire/Alamofire.git";
			requirement = {
				kind = upToNextMajorVersion;
				minimumVersion = 5.0.0;
			};
		};
		63D011852A7AA3EA004D9CAF /* XCRemoteSwiftPackageReference "OHHTTPStubs.git" */ = {
			isa = XCRemoteSwiftPackageReference;
			repositoryURL = "https://github.com/AliSoftware/OHHTTPStubs.git";
			requirement = {
				kind = upToNextMajorVersion;
				minimumVersion = 9.0.0;
			};
		};
		FA34468B2A7BB0350001F8AF /* XCRemoteSwiftPackageReference "TinyConstraints.git" */ = {
			isa = XCRemoteSwiftPackageReference;
			repositoryURL = "https://github.com/roberthein/TinyConstraints.git";
			requirement = {
				kind = upToNextMajorVersion;
				minimumVersion = 4.0.0;
			};
		};
/* End XCRemoteSwiftPackageReference section */

/* Begin XCSwiftPackageProductDependency section */
		6331E47B2A7AF08900EF230F /* Kingfisher */ = {
			isa = XCSwiftPackageProductDependency;
			package = 6331E47A2A7AF08900EF230F /* XCRemoteSwiftPackageReference "Kingfisher.git" */;
			productName = Kingfisher;
		};
		63A953F32A7AAB4900D0BBFF /* CodableWrappers */ = {
			isa = XCSwiftPackageProductDependency;
			package = 63A953F22A7AAB4900D0BBFF /* XCRemoteSwiftPackageReference "CodableWrappers.git" */;
			productName = CodableWrappers;
		};
		63A954082A7AB9C500D0BBFF /* Alamofire */ = {
			isa = XCSwiftPackageProductDependency;
			package = 63A954072A7AB9C500D0BBFF /* XCRemoteSwiftPackageReference "Alamofire.git" */;
			productName = Alamofire;
		};
		63D011862A7AA3EA004D9CAF /* OHHTTPStubs */ = {
			isa = XCSwiftPackageProductDependency;
			package = 63D011852A7AA3EA004D9CAF /* XCRemoteSwiftPackageReference "OHHTTPStubs.git" */;
			productName = OHHTTPStubs;
		};
		63D011882A7AA3EA004D9CAF /* OHHTTPStubsSwift */ = {
			isa = XCSwiftPackageProductDependency;
			package = 63D011852A7AA3EA004D9CAF /* XCRemoteSwiftPackageReference "OHHTTPStubs.git" */;
			productName = OHHTTPStubsSwift;
		};
		FA34468C2A7BB0350001F8AF /* TinyConstraints */ = {
			isa = XCSwiftPackageProductDependency;
			package = FA34468B2A7BB0350001F8AF /* XCRemoteSwiftPackageReference "TinyConstraints.git" */;
			productName = TinyConstraints;
		};
/* End XCSwiftPackageProductDependency section */
	};
	rootObject = 63D011292A7A8FA5004D9CAF /* Project object */;
}
